
Microsoft Visual Studio Solution File, Format Version 12.00
# Visual Studio Version 17
VisualStudioVersion = 17.11.35312.102
MinimumVisualStudioVersion = 10.0.40219.1
Project("{FAE04EC0-301F-11D3-BF4B-00C04F79EFBC}") = "WpfPlayApp", "WpfPlayApp.csproj", "{82DA0E7C-6FCC-4E44-A12D-9837A9090771}"
EndProject
Global
	GlobalSection(SolutionConfigurationPlatforms) = preSolution
		Debug|Any CPU = Debug|Any CPU
		Release|Any CPU = Release|Any CPU
		Description = WPF App to Play with Code
	EndGlobalSection
	GlobalSection(ProjectConfigurationPlatforms) = postSolution
		{82DA0E7C-6FCC-4E44-A12D-9837A9090771}.Debug|Any CPU.ActiveCfg = Debug|Any CPU
		{82DA0E7C-6FCC-4E44-A12D-9837A9090771}.Debug|Any CPU.Build.0 = Debug|Any CPU
		{82DA0E7C-6FCC-4E44-A12D-9837A9090771}.Release|Any CPU.ActiveCfg = Release|Any CPU
		{82DA0E7C-6FCC-4E44-A12D-9837A9090771}.Release|Any CPU.Build.0 = Release|Any CPU
	EndGlobalSection
	GlobalSection(SolutionProperties) = preSolution
		HideSolutionNode = FALSE
	EndGlobalSection
	GlobalSection(ExtensibilityGlobals) = postSolution
		SolutionGuid = {79B8642E-66E1-44E5-901F-70C3710836E4}
	EndGlobalSection
EndGlobal
